
Microsoft Visual Studio Solution File, Format Version 12.00
# Visual Studio Version 17
VisualStudioVersion = 17.7.34031.279
MinimumVisualStudioVersion = 10.0.40219.1
Project("{FAE04EC0-301F-11D3-BF4B-00C04F79EFBC}") = "Delegate", "Delegate\Delegate.csproj", "{799099FB-A19A-46D9-8B4C-E5A670913EE7}"
EndProject
Global
	GlobalSection(SolutionConfigurationPlatforms) = preSolution
		Debug|Any CPU = Debug|Any CPU
		Release|Any CPU = Release|Any CPU
	EndGlobalSection
	GlobalSection(ProjectConfigurationPlatforms) = postSolution
		{799099FB-A19A-46D9-8B4C-E5A670913EE7}.Debug|Any CPU.ActiveCfg = Debug|Any CPU
		{799099FB-A19A-46D9-8B4C-E5A670913EE7}.Debug|Any CPU.Build.0 = Debug|Any CPU
		{799099FB-A19A-46D9-8B4C-E5A670913EE7}.Release|Any CPU.ActiveCfg = Release|Any CPU
		{799099FB-A19A-46D9-8B4C-E5A670913EE7}.Release|Any CPU.Build.0 = Release|Any CPU
	EndGlobalSection
	GlobalSection(SolutionProperties) = preSolution
		HideSolutionNode = FALSE
	EndGlobalSection
	GlobalSection(ExtensibilityGlobals) = postSolution
		SolutionGuid = {C1692D25-02AF-43EC-BA53-58D5EFA53D83}
	EndGlobalSection
EndGlobal
